
Microsoft Visual Studio Solution File, Format Version 12.00
# Visual Studio Version 17
VisualStudioVersion = 17.4.33213.308
MinimumVisualStudioVersion = 10.0.40219.1
Project("{FAE04EC0-301F-11D3-BF4B-00C04F79EFBC}") = "20233007_DoWhile_Ornek2", "20233007_DoWhile_Ornek2\20233007_DoWhile_Ornek2.csproj", "{F5E050AC-9DBC-43C3-BED3-71D8C6DF79A2}"
EndProject
Global
	GlobalSection(SolutionConfigurationPlatforms) = preSolution
		Debug|Any CPU = Debug|Any CPU
		Release|Any CPU = Release|Any CPU
	EndGlobalSection
	GlobalSection(ProjectConfigurationPlatforms) = postSolution
		{F5E050AC-9DBC-43C3-BED3-71D8C6DF79A2}.Debug|Any CPU.ActiveCfg = Debug|Any CPU
		{F5E050AC-9DBC-43C3-BED3-71D8C6DF79A2}.Debug|Any CPU.Build.0 = Debug|Any CPU
		{F5E050AC-9DBC-43C3-BED3-71D8C6DF79A2}.Release|Any CPU.ActiveCfg = Release|Any CPU
		{F5E050AC-9DBC-43C3-BED3-71D8C6DF79A2}.Release|Any CPU.Build.0 = Release|Any CPU
	EndGlobalSection
	GlobalSection(SolutionProperties) = preSolution
		HideSolutionNode = FALSE
	EndGlobalSection
	GlobalSection(ExtensibilityGlobals) = postSolution
		SolutionGuid = {6CBA8AF7-20CC-4371-8F52-162C5A5E3E07}
	EndGlobalSection
EndGlobal
